
Microsoft Visual Studio Solution File, Format Version 12.00
# Visual Studio Version 17
VisualStudioVersion = 17.4.33110.190
MinimumVisualStudioVersion = 10.0.40219.1
Project("{9A19103F-16F7-4668-BE54-9A1E7A4F7556}") = "HitchFix", "HitchFix\HitchFix.csproj", "{EEC965A8-5BD0-4FBE-8650-AB69F34E3F90}"
EndProject
Project("{FAE04EC0-301F-11D3-BF4B-00C04F79EFBC}") = "HitchFixFrontEnd", "HitchFixFrontEnd\HitchFixFrontEnd.csproj", "{58D55365-6BDA-4524-832F-D5430430DB8A}"
EndProject
Global
	GlobalSection(SolutionConfigurationPlatforms) = preSolution
		Debug|Any CPU = Debug|Any CPU
		Release|Any CPU = Release|Any CPU
	EndGlobalSection
	GlobalSection(ProjectConfigurationPlatforms) = postSolution
		{EEC965A8-5BD0-4FBE-8650-AB69F34E3F90}.Debug|Any CPU.ActiveCfg = Debug|Any CPU
		{EEC965A8-5BD0-4FBE-8650-AB69F34E3F90}.Debug|Any CPU.Build.0 = Debug|Any CPU
		{EEC965A8-5BD0-4FBE-8650-AB69F34E3F90}.Release|Any CPU.ActiveCfg = Release|Any CPU
		{EEC965A8-5BD0-4FBE-8650-AB69F34E3F90}.Release|Any CPU.Build.0 = Release|Any CPU
		{58D55365-6BDA-4524-832F-D5430430DB8A}.Debug|Any CPU.ActiveCfg = Debug|Any CPU
		{58D55365-6BDA-4524-832F-D5430430DB8A}.Debug|Any CPU.Build.0 = Debug|Any CPU
		{58D55365-6BDA-4524-832F-D5430430DB8A}.Release|Any CPU.ActiveCfg = Release|Any CPU
		{58D55365-6BDA-4524-832F-D5430430DB8A}.Release|Any CPU.Build.0 = Release|Any CPU
	EndGlobalSection
	GlobalSection(SolutionProperties) = preSolution
		HideSolutionNode = FALSE
	EndGlobalSection
	GlobalSection(ExtensibilityGlobals) = postSolution
		SolutionGuid = {3807447B-2B1E-4E71-8475-C2EC0C3908F7}
	EndGlobalSection
EndGlobal
